
Microsoft Visual Studio Solution File, Format Version 12.00
# Visual Studio Version 17
VisualStudioVersion = 17.1.32421.90
MinimumVisualStudioVersion = 10.0.40219.1
Project("{2150E333-8FDC-42A3-9474-1A3956D46DE8}") = "src", "src", "{FF3C6504-FAF8-4FD4-9FBD-0C02E2A38430}"
EndProject
Project("{2150E333-8FDC-42A3-9474-1A3956D46DE8}") = "docs", "docs", "{065A8D98-F9FA-4F6D-8962-025092048DCB}"
	ProjectSection(SolutionItems) = preProject
		README.md = README.md
	EndProjectSection
EndProject
Project("{2150E333-8FDC-42A3-9474-1A3956D46DE8}") = "0 Utils", "0 Utils", "{7184AE95-780A-4AC8-9DF3-D6CA0F0D0283}"
EndProject
Project("{2150E333-8FDC-42A3-9474-1A3956D46DE8}") = "2 Infrastructure Interfaces", "2 Infrastructure Interfaces", "{B93BB0E8-CF7E-4F7F-BFA8-DD92F6F83CC2}"
EndProject
Project("{2150E333-8FDC-42A3-9474-1A3956D46DE8}") = "6 Infrastructure Implementation", "6 Infrastructure Implementation", "{EFF4510A-86CE-435E-98DB-34B17CA89FC3}"
EndProject
Project("{2150E333-8FDC-42A3-9474-1A3956D46DE8}") = "7 Api", "7 Api", "{31CDCA97-1BFB-4DA7-B991-315414F0E7C6}"
EndProject
Project("{2150E333-8FDC-42A3-9474-1A3956D46DE8}") = "8 Host", "8 Host", "{27FD8170-875F-4ECC-8D98-C48BE6F9CDD9}"
EndProject
Project("{2150E333-8FDC-42A3-9474-1A3956D46DE8}") = "Infrastructure Services", "Infrastructure Services", "{F0BD22A5-0E1E-4EA8-9161-24E6D38BABEE}"
EndProject
Project("{2150E333-8FDC-42A3-9474-1A3956D46DE8}") = "Blockchain APIs", "Blockchain APIs", "{0139A884-9AB0-4D75-B6A2-97A4C062812E}"
EndProject
Project("{2150E333-8FDC-42A3-9474-1A3956D46DE8}") = "Data Access", "Data Access", "{7FE67155-0696-464B-9A68-E45C3180F0D2}"
EndProject
Project("{2150E333-8FDC-42A3-9474-1A3956D46DE8}") = "Infrastructure Services", "Infrastructure Services", "{34053AB7-5818-44CB-9905-F9A516B0DA8A}"
EndProject
Project("{2150E333-8FDC-42A3-9474-1A3956D46DE8}") = "Blockchains", "Blockchains", "{1FD281BB-E27F-4E54-B42B-E99DFE4C7693}"
EndProject
Project("{9A19103F-16F7-4668-BE54-9A1E7A4F7556}") = "Nomis.Api.Common", "src\Nomis.Api.Common\Nomis.Api.Common.csproj", "{EF2A09DC-BA93-4BB8-8A80-3500F775968C}"
EndProject
Project("{9A19103F-16F7-4668-BE54-9A1E7A4F7556}") = "Nomis.Utils", "src\Nomis.Utils\Nomis.Utils.csproj", "{DFF9BC89-E985-430F-BC46-DAFD110BA8CA}"
EndProject
Project("{2150E333-8FDC-42A3-9474-1A3956D46DE8}") = "Blockchain APIs", "Blockchain APIs", "{CCCBFDCA-25AD-4B2A-A924-C3518BA43400}"
EndProject
Project("{2150E333-8FDC-42A3-9474-1A3956D46DE8}") = "Ethereum", "Ethereum", "{72FBAAB5-4152-4846-8EDA-7805A0D1EF6B}"
EndProject
Project("{2150E333-8FDC-42A3-9474-1A3956D46DE8}") = "Solana", "Solana", "{EA300C59-649C-47E1-87CD-6BFFFA46BA47}"
EndProject
Project("{2150E333-8FDC-42A3-9474-1A3956D46DE8}") = "TON", "TON", "{B2BBD1DB-7FD3-4829-9F23-FA022F21C89C}"
EndProject
Project("{9A19103F-16F7-4668-BE54-9A1E7A4F7556}") = "Nomis.Etherscan", "src\Nomis.Etherscan\Nomis.Etherscan.csproj", "{73993773-2D68-4C38-9B9C-DF9F62A0EBE0}"
EndProject
Project("{9A19103F-16F7-4668-BE54-9A1E7A4F7556}") = "Nomis.MagicEden", "src\Nomis.MagicEden\Nomis.MagicEden.csproj", "{F5C44853-28D4-4EF5-BBC9-63ED530A068D}"
EndProject
Project("{9A19103F-16F7-4668-BE54-9A1E7A4F7556}") = "Nomis.Solscan", "src\Nomis.Solscan\Nomis.Solscan.csproj", "{51070AFC-DB30-49B1-B7E7-BFE8FAE45634}"
EndProject
Project("{9A19103F-16F7-4668-BE54-9A1E7A4F7556}") = "Nomis.Blockchain.Abstractions", "src\Nomis.Blockchain.Abstractions\Nomis.Blockchain.Abstractions.csproj", "{E3AB955F-D0CA-4F7D-A797-9AA9929CBF06}"
EndProject
Project("{2150E333-8FDC-42A3-9474-1A3956D46DE8}") = "Server", "Server", "{6E6973B9-2B02-4429-8056-653CC78EB894}"
EndProject
Project("{2150E333-8FDC-42A3-9474-1A3956D46DE8}") = "Client", "Client", "{2ADA3075-AFE8-4F94-A01D-9006C218D594}"
EndProject
Project("{9A19103F-16F7-4668-BE54-9A1E7A4F7556}") = "Nomis.Web.Server.Common", "src\Nomis.Web.Server.Common\Nomis.Web.Server.Common.csproj", "{A17D1A76-E9CA-46FD-AEE1-BA003FD8484C}"
EndProject
Project("{2150E333-8FDC-42A3-9474-1A3956D46DE8}") = "Polygon", "Polygon", "{71570655-58B2-467C-A7B8-A62010E8791B}"
EndProject
Project("{9A19103F-16F7-4668-BE54-9A1E7A4F7556}") = "Nomis.Polygonscan", "src\Nomis.Polygonscan\Nomis.Polygonscan.csproj", "{82F29EBE-460E-43AE-A551-EF97604C03E7}"
EndProject
Project("{9A19103F-16F7-4668-BE54-9A1E7A4F7556}") = "Nomis.Web.Client.Common", "src\Nomis.Web.Client.Common\Nomis.Web.Client.Common.csproj", "{E24E6D72-C214-4C46-A3B2-ED1F0904B9F9}"
EndProject
Project("{2150E333-8FDC-42A3-9474-1A3956D46DE8}") = "BSC", "BSC", "{247E8015-2DF1-48A4-A309-09845668CB23}"
EndProject
Project("{9A19103F-16F7-4668-BE54-9A1E7A4F7556}") = "Nomis.Bscscan", "src\Nomis.Bscscan\Nomis.Bscscan.csproj", "{BF6202E3-7965-4C35-95F7-5CBD8CB7AB6F}"
EndProject
Project("{2150E333-8FDC-42A3-9474-1A3956D46DE8}") = "Ripple", "Ripple", "{CB8580A8-D05D-4752-BC8D-13BA0163539A}"
EndProject
Project("{9A19103F-16F7-4668-BE54-9A1E7A4F7556}") = "Nomis.Xrpscan", "src\Nomis.Xrpscan\Nomis.Xrpscan.csproj", "{62E156AB-D40B-4F7E-8F9A-75EFF4777D64}"
EndProject
Project("{9A19103F-16F7-4668-BE54-9A1E7A4F7556}") = "Nomis.Moonscan", "src\Nomis.Moonscan\Nomis.Moonscan.csproj", "{BBCA2212-0240-4AEF-9D45-2C9B3A1627A9}"
EndProject
Project("{2150E333-8FDC-42A3-9474-1A3956D46DE8}") = "Moonbeam", "Moonbeam", "{7E49B4A4-0DBE-4CD9-8643-5AF84BDB2C03}"
EndProject
Project("{2150E333-8FDC-42A3-9474-1A3956D46DE8}") = "Cube", "Cube", "{79E35925-5466-4E45-B183-87A0F2B9E67B}"
EndProject
Project("{9A19103F-16F7-4668-BE54-9A1E7A4F7556}") = "Nomis.Cubescan", "src\Nomis.Cubescan\Nomis.Cubescan.csproj", "{53F66C46-469D-4F9E-A5BF-21AF8AF93247}"
EndProject
Project("{2150E333-8FDC-42A3-9474-1A3956D46DE8}") = "Celo", "Celo", "{12021320-5C6B-4E48-8DE7-C63C8ED9C90E}"
EndProject
Project("{9A19103F-16F7-4668-BE54-9A1E7A4F7556}") = "Nomis.Celoscan", "src\Nomis.Celoscan\Nomis.Celoscan.csproj", "{5DAD3FEF-E118-494B-A8C5-951542D856F9}"
EndProject
Project("{2150E333-8FDC-42A3-9474-1A3956D46DE8}") = "Boba", "Boba", "{5DA03933-0C6D-4CA4-A08B-58B977E8ABE5}"
EndProject
Project("{9A19103F-16F7-4668-BE54-9A1E7A4F7556}") = "Nomis.Bobascan", "src\Nomis.Bobascan\Nomis.Bobascan.csproj", "{2CFB54DE-0915-4747-9C16-01E6D60A7F60}"
EndProject
Project("{2150E333-8FDC-42A3-9474-1A3956D46DE8}") = "Aeternity", "Aeternity", "{B9C03F82-FAA0-442C-8A31-082AFD3E7451}"
EndProject
Project("{9A19103F-16F7-4668-BE54-9A1E7A4F7556}") = "Nomis.AeternityExplorer", "src\Nomis.AeternityExplorer\Nomis.AeternityExplorer.csproj", "{A86C1DC5-C4AA-4191-AB88-8628EB5965BF}"
EndProject
Project("{2150E333-8FDC-42A3-9474-1A3956D46DE8}") = "Evmos", "Evmos", "{D14BC534-DF0F-49BE-856B-DC84B4648EEE}"
EndProject
Project("{9A19103F-16F7-4668-BE54-9A1E7A4F7556}") = "Nomis.EvmosAPI", "src\Nomis.EvmosAPI\Nomis.EvmosAPI.csproj", "{5BB5CBD1-A7C6-4050-BC88-568002283CD1}"
EndProject
Project("{2150E333-8FDC-42A3-9474-1A3956D46DE8}") = "DAOs", "DAOs", "{FD610DAB-2868-4046-90E8-314F480D4505}"
EndProject
Project("{9A19103F-16F7-4668-BE54-9A1E7A4F7556}") = "Nomis.Snapshot", "src\Nomis.Snapshot\Nomis.Snapshot.csproj", "{18F5E350-98AA-49FA-B993-05297432CC7B}"
EndProject
Project("{9A19103F-16F7-4668-BE54-9A1E7A4F7556}") = "Nomis.HapiExplorer", "src\Nomis.HapiExplorer\Nomis.HapiExplorer.csproj", "{4D6F3903-91D0-450F-96A7-AB9876D14EBE}"
EndProject
Project("{2150E333-8FDC-42A3-9474-1A3956D46DE8}") = "Protocols", "Protocols", "{7C1E0087-EBAB-4597-AE6B-F7638678D6B0}"
EndProject
Project("{2150E333-8FDC-42A3-9474-1A3956D46DE8}") = "Klaytn", "Klaytn", "{0EBBABDE-333F-4095-A127-F49C8F051E01}"
EndProject
Project("{9A19103F-16F7-4668-BE54-9A1E7A4F7556}") = "Nomis.Klaytnscope", "src\Nomis.Klaytnscope\Nomis.Klaytnscope.csproj", "{FD8A8ABA-A634-4110-A9AE-6264975E8EE1}"
EndProject
Project("{2150E333-8FDC-42A3-9474-1A3956D46DE8}") = "CSC", "CSC", "{DF55F107-7582-433C-BBCD-26AC00D07542}"
EndProject
Project("{2150E333-8FDC-42A3-9474-1A3956D46DE8}") = "CSC", "CSC", "{77FD0C4B-C192-4331-B48F-3BA9A0DC1806}"
EndProject
Project("{2150E333-8FDC-42A3-9474-1A3956D46DE8}") = "CSC", "CSC", "{6F6D6A30-784F-4228-B6CE-6683F1047726}"
EndProject
Project("{2150E333-8FDC-42A3-9474-1A3956D46DE8}") = "CSC", "CSC", "{8930B534-B51C-4499-8AFE-EEC1620C526B}"
EndProject
Project("{9A19103F-16F7-4668-BE54-9A1E7A4F7556}") = "Nomis.CscExplorer.Interfaces", "src\Nomis.CscExplorer.Interfaces\Nomis.CscExplorer.Interfaces.csproj", "{9DD63598-E846-4CF0-A14F-B7C611D6F495}"
EndProject
Project("{9A19103F-16F7-4668-BE54-9A1E7A4F7556}") = "Nomis.CscExplorer", "src\Nomis.CscExplorer\Nomis.CscExplorer.csproj", "{D0688925-2838-434E-9211-B185CE1BB41D}"
EndProject
Project("{9A19103F-16F7-4668-BE54-9A1E7A4F7556}") = "Nomis.Api.Csc", "src\Nomis.Api.Csc\Nomis.Api.Csc.csproj", "{72686B2F-935A-4FD8-BEBA-45E2CB575CEA}"
EndProject
Project("{9A19103F-16F7-4668-BE54-9A1E7A4F7556}") = "Nomis.Web.Client.Csc", "src\Nomis.Web.Client.Csc\Nomis.Web.Client.Csc.csproj", "{32E4DF0F-34AD-41D6-849C-6A30369E8F5D}"
EndProject
Global
	GlobalSection(SolutionConfigurationPlatforms) = preSolution
		Debug|Any CPU = Debug|Any CPU
		Release|Any CPU = Release|Any CPU
	EndGlobalSection
	GlobalSection(ProjectConfigurationPlatforms) = postSolution
		{EF2A09DC-BA93-4BB8-8A80-3500F775968C}.Debug|Any CPU.ActiveCfg = Debug|Any CPU
		{EF2A09DC-BA93-4BB8-8A80-3500F775968C}.Debug|Any CPU.Build.0 = Debug|Any CPU
		{EF2A09DC-BA93-4BB8-8A80-3500F775968C}.Release|Any CPU.ActiveCfg = Release|Any CPU
		{EF2A09DC-BA93-4BB8-8A80-3500F775968C}.Release|Any CPU.Build.0 = Release|Any CPU
		{DFF9BC89-E985-430F-BC46-DAFD110BA8CA}.Debug|Any CPU.ActiveCfg = Debug|Any CPU
		{DFF9BC89-E985-430F-BC46-DAFD110BA8CA}.Debug|Any CPU.Build.0 = Debug|Any CPU
		{DFF9BC89-E985-430F-BC46-DAFD110BA8CA}.Release|Any CPU.ActiveCfg = Release|Any CPU
		{DFF9BC89-E985-430F-BC46-DAFD110BA8CA}.Release|Any CPU.Build.0 = Release|Any CPU
		{73993773-2D68-4C38-9B9C-DF9F62A0EBE0}.Debug|Any CPU.ActiveCfg = Debug|Any CPU
		{73993773-2D68-4C38-9B9C-DF9F62A0EBE0}.Debug|Any CPU.Build.0 = Debug|Any CPU
		{73993773-2D68-4C38-9B9C-DF9F62A0EBE0}.Release|Any CPU.ActiveCfg = Release|Any CPU
		{73993773-2D68-4C38-9B9C-DF9F62A0EBE0}.Release|Any CPU.Build.0 = Release|Any CPU
		{F5C44853-28D4-4EF5-BBC9-63ED530A068D}.Debug|Any CPU.ActiveCfg = Debug|Any CPU
		{F5C44853-28D4-4EF5-BBC9-63ED530A068D}.Debug|Any CPU.Build.0 = Debug|Any CPU
		{F5C44853-28D4-4EF5-BBC9-63ED530A068D}.Release|Any CPU.ActiveCfg = Release|Any CPU
		{F5C44853-28D4-4EF5-BBC9-63ED530A068D}.Release|Any CPU.Build.0 = Release|Any CPU
		{51070AFC-DB30-49B1-B7E7-BFE8FAE45634}.Debug|Any CPU.ActiveCfg = Debug|Any CPU
		{51070AFC-DB30-49B1-B7E7-BFE8FAE45634}.Debug|Any CPU.Build.0 = Debug|Any CPU
		{51070AFC-DB30-49B1-B7E7-BFE8FAE45634}.Release|Any CPU.ActiveCfg = Release|Any CPU
		{51070AFC-DB30-49B1-B7E7-BFE8FAE45634}.Release|Any CPU.Build.0 = Release|Any CPU
		{E3AB955F-D0CA-4F7D-A797-9AA9929CBF06}.Debug|Any CPU.ActiveCfg = Debug|Any CPU
		{E3AB955F-D0CA-4F7D-A797-9AA9929CBF06}.Debug|Any CPU.Build.0 = Debug|Any CPU
		{E3AB955F-D0CA-4F7D-A797-9AA9929CBF06}.Release|Any CPU.ActiveCfg = Release|Any CPU
		{E3AB955F-D0CA-4F7D-A797-9AA9929CBF06}.Release|Any CPU.Build.0 = Release|Any CPU
		{A17D1A76-E9CA-46FD-AEE1-BA003FD8484C}.Debug|Any CPU.ActiveCfg = Debug|Any CPU
		{A17D1A76-E9CA-46FD-AEE1-BA003FD8484C}.Debug|Any CPU.Build.0 = Debug|Any CPU
		{A17D1A76-E9CA-46FD-AEE1-BA003FD8484C}.Release|Any CPU.ActiveCfg = Release|Any CPU
		{A17D1A76-E9CA-46FD-AEE1-BA003FD8484C}.Release|Any CPU.Build.0 = Release|Any CPU
		{82F29EBE-460E-43AE-A551-EF97604C03E7}.Debug|Any CPU.ActiveCfg = Debug|Any CPU
		{82F29EBE-460E-43AE-A551-EF97604C03E7}.Debug|Any CPU.Build.0 = Debug|Any CPU
		{82F29EBE-460E-43AE-A551-EF97604C03E7}.Release|Any CPU.ActiveCfg = Release|Any CPU
		{82F29EBE-460E-43AE-A551-EF97604C03E7}.Release|Any CPU.Build.0 = Release|Any CPU
		{E24E6D72-C214-4C46-A3B2-ED1F0904B9F9}.Debug|Any CPU.ActiveCfg = Debug|Any CPU
		{E24E6D72-C214-4C46-A3B2-ED1F0904B9F9}.Debug|Any CPU.Build.0 = Debug|Any CPU
		{E24E6D72-C214-4C46-A3B2-ED1F0904B9F9}.Release|Any CPU.ActiveCfg = Release|Any CPU
		{E24E6D72-C214-4C46-A3B2-ED1F0904B9F9}.Release|Any CPU.Build.0 = Release|Any CPU
		{BF6202E3-7965-4C35-95F7-5CBD8CB7AB6F}.Debug|Any CPU.ActiveCfg = Debug|Any CPU
		{BF6202E3-7965-4C35-95F7-5CBD8CB7AB6F}.Debug|Any CPU.Build.0 = Debug|Any CPU
		{BF6202E3-7965-4C35-95F7-5CBD8CB7AB6F}.Release|Any CPU.ActiveCfg = Release|Any CPU
		{BF6202E3-7965-4C35-95F7-5CBD8CB7AB6F}.Release|Any CPU.Build.0 = Release|Any CPU
		{62E156AB-D40B-4F7E-8F9A-75EFF4777D64}.Debug|Any CPU.ActiveCfg = Debug|Any CPU
		{62E156AB-D40B-4F7E-8F9A-75EFF4777D64}.Debug|Any CPU.Build.0 = Debug|Any CPU
		{62E156AB-D40B-4F7E-8F9A-75EFF4777D64}.Release|Any CPU.ActiveCfg = Release|Any CPU
		{62E156AB-D40B-4F7E-8F9A-75EFF4777D64}.Release|Any CPU.Build.0 = Release|Any CPU
		{BBCA2212-0240-4AEF-9D45-2C9B3A1627A9}.Debug|Any CPU.ActiveCfg = Debug|Any CPU
		{BBCA2212-0240-4AEF-9D45-2C9B3A1627A9}.Debug|Any CPU.Build.0 = Debug|Any CPU
		{BBCA2212-0240-4AEF-9D45-2C9B3A1627A9}.Release|Any CPU.ActiveCfg = Release|Any CPU
		{BBCA2212-0240-4AEF-9D45-2C9B3A1627A9}.Release|Any CPU.Build.0 = Release|Any CPU
		{53F66C46-469D-4F9E-A5BF-21AF8AF93247}.Debug|Any CPU.ActiveCfg = Debug|Any CPU
		{53F66C46-469D-4F9E-A5BF-21AF8AF93247}.Debug|Any CPU.Build.0 = Debug|Any CPU
		{53F66C46-469D-4F9E-A5BF-21AF8AF93247}.Release|Any CPU.ActiveCfg = Release|Any CPU
		{53F66C46-469D-4F9E-A5BF-21AF8AF93247}.Release|Any CPU.Build.0 = Release|Any CPU
		{5DAD3FEF-E118-494B-A8C5-951542D856F9}.Debug|Any CPU.ActiveCfg = Debug|Any CPU
		{5DAD3FEF-E118-494B-A8C5-951542D856F9}.Debug|Any CPU.Build.0 = Debug|Any CPU
		{5DAD3FEF-E118-494B-A8C5-951542D856F9}.Release|Any CPU.ActiveCfg = Release|Any CPU
		{5DAD3FEF-E118-494B-A8C5-951542D856F9}.Release|Any CPU.Build.0 = Release|Any CPU
		{2CFB54DE-0915-4747-9C16-01E6D60A7F60}.Debug|Any CPU.ActiveCfg = Debug|Any CPU
		{2CFB54DE-0915-4747-9C16-01E6D60A7F60}.Debug|Any CPU.Build.0 = Debug|Any CPU
		{2CFB54DE-0915-4747-9C16-01E6D60A7F60}.Release|Any CPU.ActiveCfg = Release|Any CPU
		{2CFB54DE-0915-4747-9C16-01E6D60A7F60}.Release|Any CPU.Build.0 = Release|Any CPU
		{A86C1DC5-C4AA-4191-AB88-8628EB5965BF}.Debug|Any CPU.ActiveCfg = Debug|Any CPU
		{A86C1DC5-C4AA-4191-AB88-8628EB5965BF}.Debug|Any CPU.Build.0 = Debug|Any CPU
		{A86C1DC5-C4AA-4191-AB88-8628EB5965BF}.Release|Any CPU.ActiveCfg = Release|Any CPU
		{A86C1DC5-C4AA-4191-AB88-8628EB5965BF}.Release|Any CPU.Build.0 = Release|Any CPU
		{5BB5CBD1-A7C6-4050-BC88-568002283CD1}.Debug|Any CPU.ActiveCfg = Debug|Any CPU
		{5BB5CBD1-A7C6-4050-BC88-568002283CD1}.Debug|Any CPU.Build.0 = Debug|Any CPU
		{5BB5CBD1-A7C6-4050-BC88-568002283CD1}.Release|Any CPU.ActiveCfg = Release|Any CPU
		{5BB5CBD1-A7C6-4050-BC88-568002283CD1}.Release|Any CPU.Build.0 = Release|Any CPU
		{18F5E350-98AA-49FA-B993-05297432CC7B}.Debug|Any CPU.ActiveCfg = Debug|Any CPU
		{18F5E350-98AA-49FA-B993-05297432CC7B}.Debug|Any CPU.Build.0 = Debug|Any CPU
		{18F5E350-98AA-49FA-B993-05297432CC7B}.Release|Any CPU.ActiveCfg = Release|Any CPU
		{18F5E350-98AA-49FA-B993-05297432CC7B}.Release|Any CPU.Build.0 = Release|Any CPU
		{4D6F3903-91D0-450F-96A7-AB9876D14EBE}.Debug|Any CPU.ActiveCfg = Debug|Any CPU
		{4D6F3903-91D0-450F-96A7-AB9876D14EBE}.Debug|Any CPU.Build.0 = Debug|Any CPU
		{4D6F3903-91D0-450F-96A7-AB9876D14EBE}.Release|Any CPU.ActiveCfg = Release|Any CPU
		{4D6F3903-91D0-450F-96A7-AB9876D14EBE}.Release|Any CPU.Build.0 = Release|Any CPU
		{FD8A8ABA-A634-4110-A9AE-6264975E8EE1}.Debug|Any CPU.ActiveCfg = Debug|Any CPU
		{FD8A8ABA-A634-4110-A9AE-6264975E8EE1}.Debug|Any CPU.Build.0 = Debug|Any CPU
		{FD8A8ABA-A634-4110-A9AE-6264975E8EE1}.Release|Any CPU.ActiveCfg = Release|Any CPU
		{FD8A8ABA-A634-4110-A9AE-6264975E8EE1}.Release|Any CPU.Build.0 = Release|Any CPU
		{9DD63598-E846-4CF0-A14F-B7C611D6F495}.Debug|Any CPU.ActiveCfg = Debug|Any CPU
		{9DD63598-E846-4CF0-A14F-B7C611D6F495}.Debug|Any CPU.Build.0 = Debug|Any CPU
		{9DD63598-E846-4CF0-A14F-B7C611D6F495}.Release|Any CPU.ActiveCfg = Release|Any CPU
		{9DD63598-E846-4CF0-A14F-B7C611D6F495}.Release|Any CPU.Build.0 = Release|Any CPU
		{D0688925-2838-434E-9211-B185CE1BB41D}.Debug|Any CPU.ActiveCfg = Debug|Any CPU
		{D0688925-2838-434E-9211-B185CE1BB41D}.Debug|Any CPU.Build.0 = Debug|Any CPU
		{D0688925-2838-434E-9211-B185CE1BB41D}.Release|Any CPU.ActiveCfg = Release|Any CPU
		{D0688925-2838-434E-9211-B185CE1BB41D}.Release|Any CPU.Build.0 = Release|Any CPU
		{72686B2F-935A-4FD8-BEBA-45E2CB575CEA}.Debug|Any CPU.ActiveCfg = Debug|Any CPU
		{72686B2F-935A-4FD8-BEBA-45E2CB575CEA}.Debug|Any CPU.Build.0 = Debug|Any CPU
		{72686B2F-935A-4FD8-BEBA-45E2CB575CEA}.Release|Any CPU.ActiveCfg = Release|Any CPU
		{72686B2F-935A-4FD8-BEBA-45E2CB575CEA}.Release|Any CPU.Build.0 = Release|Any CPU
		{32E4DF0F-34AD-41D6-849C-6A30369E8F5D}.Debug|Any CPU.ActiveCfg = Debug|Any CPU
		{32E4DF0F-34AD-41D6-849C-6A30369E8F5D}.Debug|Any CPU.Build.0 = Debug|Any CPU
		{32E4DF0F-34AD-41D6-849C-6A30369E8F5D}.Release|Any CPU.ActiveCfg = Release|Any CPU
		{32E4DF0F-34AD-41D6-849C-6A30369E8F5D}.Release|Any CPU.Build.0 = Release|Any CPU
	EndGlobalSection
	GlobalSection(SolutionProperties) = preSolution
		HideSolutionNode = FALSE
	EndGlobalSection
	GlobalSection(NestedProjects) = preSolution
		{7184AE95-780A-4AC8-9DF3-D6CA0F0D0283} = {FF3C6504-FAF8-4FD4-9FBD-0C02E2A38430}
		{B93BB0E8-CF7E-4F7F-BFA8-DD92F6F83CC2} = {FF3C6504-FAF8-4FD4-9FBD-0C02E2A38430}
		{EFF4510A-86CE-435E-98DB-34B17CA89FC3} = {FF3C6504-FAF8-4FD4-9FBD-0C02E2A38430}
		{31CDCA97-1BFB-4DA7-B991-315414F0E7C6} = {FF3C6504-FAF8-4FD4-9FBD-0C02E2A38430}
		{27FD8170-875F-4ECC-8D98-C48BE6F9CDD9} = {FF3C6504-FAF8-4FD4-9FBD-0C02E2A38430}
		{F0BD22A5-0E1E-4EA8-9161-24E6D38BABEE} = {B93BB0E8-CF7E-4F7F-BFA8-DD92F6F83CC2}
		{0139A884-9AB0-4D75-B6A2-97A4C062812E} = {F0BD22A5-0E1E-4EA8-9161-24E6D38BABEE}
		{7FE67155-0696-464B-9A68-E45C3180F0D2} = {EFF4510A-86CE-435E-98DB-34B17CA89FC3}
		{34053AB7-5818-44CB-9905-F9A516B0DA8A} = {EFF4510A-86CE-435E-98DB-34B17CA89FC3}
		{1FD281BB-E27F-4E54-B42B-E99DFE4C7693} = {31CDCA97-1BFB-4DA7-B991-315414F0E7C6}
		{EF2A09DC-BA93-4BB8-8A80-3500F775968C} = {31CDCA97-1BFB-4DA7-B991-315414F0E7C6}
		{DFF9BC89-E985-430F-BC46-DAFD110BA8CA} = {7184AE95-780A-4AC8-9DF3-D6CA0F0D0283}
		{CCCBFDCA-25AD-4B2A-A924-C3518BA43400} = {34053AB7-5818-44CB-9905-F9A516B0DA8A}
		{72FBAAB5-4152-4846-8EDA-7805A0D1EF6B} = {CCCBFDCA-25AD-4B2A-A924-C3518BA43400}
		{EA300C59-649C-47E1-87CD-6BFFFA46BA47} = {CCCBFDCA-25AD-4B2A-A924-C3518BA43400}
		{B2BBD1DB-7FD3-4829-9F23-FA022F21C89C} = {CCCBFDCA-25AD-4B2A-A924-C3518BA43400}
		{73993773-2D68-4C38-9B9C-DF9F62A0EBE0} = {72FBAAB5-4152-4846-8EDA-7805A0D1EF6B}
		{F5C44853-28D4-4EF5-BBC9-63ED530A068D} = {EA300C59-649C-47E1-87CD-6BFFFA46BA47}
		{51070AFC-DB30-49B1-B7E7-BFE8FAE45634} = {EA300C59-649C-47E1-87CD-6BFFFA46BA47}
		{E3AB955F-D0CA-4F7D-A797-9AA9929CBF06} = {0139A884-9AB0-4D75-B6A2-97A4C062812E}
		{6E6973B9-2B02-4429-8056-653CC78EB894} = {27FD8170-875F-4ECC-8D98-C48BE6F9CDD9}
		{2ADA3075-AFE8-4F94-A01D-9006C218D594} = {27FD8170-875F-4ECC-8D98-C48BE6F9CDD9}
		{A17D1A76-E9CA-46FD-AEE1-BA003FD8484C} = {6E6973B9-2B02-4429-8056-653CC78EB894}
		{71570655-58B2-467C-A7B8-A62010E8791B} = {CCCBFDCA-25AD-4B2A-A924-C3518BA43400}
		{82F29EBE-460E-43AE-A551-EF97604C03E7} = {71570655-58B2-467C-A7B8-A62010E8791B}
		{E24E6D72-C214-4C46-A3B2-ED1F0904B9F9} = {2ADA3075-AFE8-4F94-A01D-9006C218D594}
		{247E8015-2DF1-48A4-A309-09845668CB23} = {CCCBFDCA-25AD-4B2A-A924-C3518BA43400}
		{BF6202E3-7965-4C35-95F7-5CBD8CB7AB6F} = {247E8015-2DF1-48A4-A309-09845668CB23}
		{CB8580A8-D05D-4752-BC8D-13BA0163539A} = {CCCBFDCA-25AD-4B2A-A924-C3518BA43400}
		{62E156AB-D40B-4F7E-8F9A-75EFF4777D64} = {CB8580A8-D05D-4752-BC8D-13BA0163539A}
		{BBCA2212-0240-4AEF-9D45-2C9B3A1627A9} = {7E49B4A4-0DBE-4CD9-8643-5AF84BDB2C03}
		{7E49B4A4-0DBE-4CD9-8643-5AF84BDB2C03} = {CCCBFDCA-25AD-4B2A-A924-C3518BA43400}
		{79E35925-5466-4E45-B183-87A0F2B9E67B} = {CCCBFDCA-25AD-4B2A-A924-C3518BA43400}
		{53F66C46-469D-4F9E-A5BF-21AF8AF93247} = {79E35925-5466-4E45-B183-87A0F2B9E67B}
		{12021320-5C6B-4E48-8DE7-C63C8ED9C90E} = {CCCBFDCA-25AD-4B2A-A924-C3518BA43400}
		{5DAD3FEF-E118-494B-A8C5-951542D856F9} = {12021320-5C6B-4E48-8DE7-C63C8ED9C90E}
		{5DA03933-0C6D-4CA4-A08B-58B977E8ABE5} = {CCCBFDCA-25AD-4B2A-A924-C3518BA43400}
		{2CFB54DE-0915-4747-9C16-01E6D60A7F60} = {5DA03933-0C6D-4CA4-A08B-58B977E8ABE5}
		{B9C03F82-FAA0-442C-8A31-082AFD3E7451} = {CCCBFDCA-25AD-4B2A-A924-C3518BA43400}
		{A86C1DC5-C4AA-4191-AB88-8628EB5965BF} = {B9C03F82-FAA0-442C-8A31-082AFD3E7451}
		{D14BC534-DF0F-49BE-856B-DC84B4648EEE} = {CCCBFDCA-25AD-4B2A-A924-C3518BA43400}
		{5BB5CBD1-A7C6-4050-BC88-568002283CD1} = {D14BC534-DF0F-49BE-856B-DC84B4648EEE}
		{FD610DAB-2868-4046-90E8-314F480D4505} = {34053AB7-5818-44CB-9905-F9A516B0DA8A}
		{18F5E350-98AA-49FA-B993-05297432CC7B} = {FD610DAB-2868-4046-90E8-314F480D4505}
		{4D6F3903-91D0-450F-96A7-AB9876D14EBE} = {7C1E0087-EBAB-4597-AE6B-F7638678D6B0}
		{7C1E0087-EBAB-4597-AE6B-F7638678D6B0} = {34053AB7-5818-44CB-9905-F9A516B0DA8A}
		{0EBBABDE-333F-4095-A127-F49C8F051E01} = {CCCBFDCA-25AD-4B2A-A924-C3518BA43400}
		{FD8A8ABA-A634-4110-A9AE-6264975E8EE1} = {0EBBABDE-333F-4095-A127-F49C8F051E01}
		{DF55F107-7582-433C-BBCD-26AC00D07542} = {0139A884-9AB0-4D75-B6A2-97A4C062812E}
		{77FD0C4B-C192-4331-B48F-3BA9A0DC1806} = {CCCBFDCA-25AD-4B2A-A924-C3518BA43400}
		{6F6D6A30-784F-4228-B6CE-6683F1047726} = {1FD281BB-E27F-4E54-B42B-E99DFE4C7693}
		{8930B534-B51C-4499-8AFE-EEC1620C526B} = {2ADA3075-AFE8-4F94-A01D-9006C218D594}
		{9DD63598-E846-4CF0-A14F-B7C611D6F495} = {DF55F107-7582-433C-BBCD-26AC00D07542}
		{D0688925-2838-434E-9211-B185CE1BB41D} = {77FD0C4B-C192-4331-B48F-3BA9A0DC1806}
		{72686B2F-935A-4FD8-BEBA-45E2CB575CEA} = {6F6D6A30-784F-4228-B6CE-6683F1047726}
		{32E4DF0F-34AD-41D6-849C-6A30369E8F5D} = {8930B534-B51C-4499-8AFE-EEC1620C526B}
	EndGlobalSection
	GlobalSection(ExtensibilityGlobals) = postSolution
		SolutionGuid = {A4B6D458-B035-43C1-85BC-6A806E43B51D}
	EndGlobalSection
EndGlobal
